// !$*UTF8*$!
{
	archiveVersion = 1;
	classes = {
	};
	objectVersion = 56;
	objects = {

/* Begin PBXBuildFile section */
		2356E4B92A930A01000DB64F /* AppDelegate.swift in Sources */ = {isa = PBXBuildFile; fileRef = 2356E4B82A930A01000DB64F /* AppDelegate.swift */; };
		2356E4BB2A930A01000DB64F /* SceneDelegate.swift in Sources */ = {isa = PBXBuildFile; fileRef = 2356E4BA2A930A01000DB64F /* SceneDelegate.swift */; };
		2356E4BD2A930A01000DB64F /* ViewController.swift in Sources */ = {isa = PBXBuildFile; fileRef = 2356E4BC2A930A01000DB64F /* ViewController.swift */; };
		2356E4C02A930A01000DB64F /* Main.storyboard in Resources */ = {isa = PBXBuildFile; fileRef = 2356E4BE2A930A01000DB64F /* Main.storyboard */; };
		2356E4C22A930A03000DB64F /* Assets.xcassets in Resources */ = {isa = PBXBuildFile; fileRef = 2356E4C12A930A03000DB64F /* Assets.xcassets */; };
		2356E4C52A930A03000DB64F /* LaunchScreen.storyboard in Resources */ = {isa = PBXBuildFile; fileRef = 2356E4C32A930A03000DB64F /* LaunchScreen.storyboard */; };
		2356E4D02A94461D000DB64F /* SnapKit in Frameworks */ = {isa = PBXBuildFile; productRef = 2356E4CF2A94461D000DB64F /* SnapKit */; };
		2356E4D32A94467A000DB64F /* SnapViewController.swift in Sources */ = {isa = PBXBuildFile; fileRef = 2356E4D22A94467A000DB64F /* SnapViewController.swift */; };
		2356E4D52A945CBC000DB64F /* TextViewController.swift in Sources */ = {isa = PBXBuildFile; fileRef = 2356E4D42A945CBC000DB64F /* TextViewController.swift */; };
		2356E4D72A94792C000DB64F /* LocationViewController.swift in Sources */ = {isa = PBXBuildFile; fileRef = 2356E4D62A94792C000DB64F /* LocationViewController.swift */; };
		2356E4DA2A94ADD9000DB64F /* PracticeViewController.swift in Sources */ = {isa = PBXBuildFile; fileRef = 2356E4D92A94ADD9000DB64F /* PracticeViewController.swift */; };
		2356E4DC2A94CCB0000DB64F /* FirstExampleViewController.swift in Sources */ = {isa = PBXBuildFile; fileRef = 2356E4DB2A94CCB0000DB64F /* FirstExampleViewController.swift */; };
		2356E4DE2A94DB32000DB64F /* SecondExampleViewController.swift in Sources */ = {isa = PBXBuildFile; fileRef = 2356E4DD2A94DB32000DB64F /* SecondExampleViewController.swift */; };
/* End PBXBuildFile section */

/* Begin PBXFileReference section */
		2356E4B52A930A01000DB64F /* Week6.app */ = {isa = PBXFileReference; explicitFileType = wrapper.application; includeInIndex = 0; path = Week6.app; sourceTree = BUILT_PRODUCTS_DIR; };
		2356E4B82A930A01000DB64F /* AppDelegate.swift */ = {isa = PBXFileReference; lastKnownFileType = sourcecode.swift; path = AppDelegate.swift; sourceTree = "<group>"; };
		2356E4BA2A930A01000DB64F /* SceneDelegate.swift */ = {isa = PBXFileReference; lastKnownFileType = sourcecode.swift; path = SceneDelegate.swift; sourceTree = "<group>"; };
		2356E4BC2A930A01000DB64F /* ViewController.swift */ = {isa = PBXFileReference; lastKnownFileType = sourcecode.swift; path = ViewController.swift; sourceTree = "<group>"; };
		2356E4BF2A930A01000DB64F /* Base */ = {isa = PBXFileReference; lastKnownFileType = file.storyboard; name = Base; path = Base.lproj/Main.storyboard; sourceTree = "<group>"; };
		2356E4C12A930A03000DB64F /* Assets.xcassets */ = {isa = PBXFileReference; lastKnownFileType = folder.assetcatalog; path = Assets.xcassets; sourceTree = "<group>"; };
		2356E4C42A930A03000DB64F /* Base */ = {isa = PBXFileReference; lastKnownFileType = file.storyboard; name = Base; path = Base.lproj/LaunchScreen.storyboard; sourceTree = "<group>"; };
		2356E4C62A930A03000DB64F /* Info.plist */ = {isa = PBXFileReference; lastKnownFileType = text.plist.xml; path = Info.plist; sourceTree = "<group>"; };
		2356E4D22A94467A000DB64F /* SnapViewController.swift */ = {isa = PBXFileReference; lastKnownFileType = sourcecode.swift; path = SnapViewController.swift; sourceTree = "<group>"; };
		2356E4D42A945CBC000DB64F /* TextViewController.swift */ = {isa = PBXFileReference; lastKnownFileType = sourcecode.swift; path = TextViewController.swift; sourceTree = "<group>"; };
		2356E4D62A94792C000DB64F /* LocationViewController.swift */ = {isa = PBXFileReference; lastKnownFileType = sourcecode.swift; path = LocationViewController.swift; sourceTree = "<group>"; };
		2356E4D92A94ADD9000DB64F /* PracticeViewController.swift */ = {isa = PBXFileReference; lastKnownFileType = sourcecode.swift; path = PracticeViewController.swift; sourceTree = "<group>"; };
		2356E4DB2A94CCB0000DB64F /* FirstExampleViewController.swift */ = {isa = PBXFileReference; lastKnownFileType = sourcecode.swift; path = FirstExampleViewController.swift; sourceTree = "<group>"; };
		2356E4DD2A94DB32000DB64F /* SecondExampleViewController.swift */ = {isa = PBXFileReference; lastKnownFileType = sourcecode.swift; path = SecondExampleViewController.swift; sourceTree = "<group>"; };
/* End PBXFileReference section */

/* Begin PBXFrameworksBuildPhase section */
		2356E4B22A930A01000DB64F /* Frameworks */ = {
			isa = PBXFrameworksBuildPhase;
			buildActionMask = 2147483647;
			files = (
				2356E4D02A94461D000DB64F /* SnapKit in Frameworks */,
			);
			runOnlyForDeploymentPostprocessing = 0;
		};
/* End PBXFrameworksBuildPhase section */

/* Begin PBXGroup section */
		2356E4AC2A930A01000DB64F = {
			isa = PBXGroup;
			children = (
				2356E4B72A930A01000DB64F /* Week6 */,
				2356E4B62A930A01000DB64F /* Products */,
			);
			sourceTree = "<group>";
		};
		2356E4B62A930A01000DB64F /* Products */ = {
			isa = PBXGroup;
			children = (
				2356E4B52A930A01000DB64F /* Week6.app */,
			);
			name = Products;
			sourceTree = "<group>";
		};
		2356E4B72A930A01000DB64F /* Week6 */ = {
			isa = PBXGroup;
			children = (
				2356E4D82A94AD56000DB64F /* Assignment */,
				2356E4D12A944643000DB64F /* Test */,
				2356E4B82A930A01000DB64F /* AppDelegate.swift */,
				2356E4BA2A930A01000DB64F /* SceneDelegate.swift */,
				2356E4BC2A930A01000DB64F /* ViewController.swift */,
				2356E4BE2A930A01000DB64F /* Main.storyboard */,
				2356E4C12A930A03000DB64F /* Assets.xcassets */,
				2356E4C32A930A03000DB64F /* LaunchScreen.storyboard */,
				2356E4C62A930A03000DB64F /* Info.plist */,
				2356E4D62A94792C000DB64F /* LocationViewController.swift */,
			);
			path = Week6;
			sourceTree = "<group>";
		};
		2356E4D12A944643000DB64F /* Test */ = {
			isa = PBXGroup;
			children = (
				2356E4D22A94467A000DB64F /* SnapViewController.swift */,
				2356E4D42A945CBC000DB64F /* TextViewController.swift */,
			);
			path = Test;
			sourceTree = "<group>";
		};
		2356E4D82A94AD56000DB64F /* Assignment */ = {
			isa = PBXGroup;
			children = (
				2356E4D92A94ADD9000DB64F /* PracticeViewController.swift */,
				2356E4DB2A94CCB0000DB64F /* FirstExampleViewController.swift */,
				2356E4DD2A94DB32000DB64F /* SecondExampleViewController.swift */,
			);
			path = Assignment;
			sourceTree = "<group>";
		};
/* End PBXGroup section */

/* Begin PBXNativeTarget section */
		2356E4B42A930A01000DB64F /* Week6 */ = {
			isa = PBXNativeTarget;
			buildConfigurationList = 2356E4C92A930A03000DB64F /* Build configuration list for PBXNativeTarget "Week6" */;
			buildPhases = (
				2356E4B12A930A01000DB64F /* Sources */,
				2356E4B22A930A01000DB64F /* Frameworks */,
				2356E4B32A930A01000DB64F /* Resources */,
			);
			buildRules = (
			);
			dependencies = (
			);
			name = Week6;
			packageProductDependencies = (
				2356E4CF2A94461D000DB64F /* SnapKit */,
			);
			productName = Week6;
			productReference = 2356E4B52A930A01000DB64F /* Week6.app */;
			productType = "com.apple.product-type.application";
		};
/* End PBXNativeTarget section */

/* Begin PBXProject section */
		2356E4AD2A930A01000DB64F /* Project object */ = {
			isa = PBXProject;
			attributes = {
				BuildIndependentTargetsInParallel = 1;
				LastSwiftUpdateCheck = 1430;
				LastUpgradeCheck = 1430;
				TargetAttributes = {
					2356E4B42A930A01000DB64F = {
						CreatedOnToolsVersion = 14.3.1;
					};
				};
			};
			buildConfigurationList = 2356E4B02A930A01000DB64F /* Build configuration list for PBXProject "Week6" */;
			compatibilityVersion = "Xcode 14.0";
			developmentRegion = en;
			hasScannedForEncodings = 0;
			knownRegions = (
				en,
				Base,
			);
			mainGroup = 2356E4AC2A930A01000DB64F;
			packageReferences = (
				2356E4CE2A94461C000DB64F /* XCRemoteSwiftPackageReference "SnapKit" */,
			);
			productRefGroup = 2356E4B62A930A01000DB64F /* Products */;
			projectDirPath = "";
			projectRoot = "";
			targets = (
				2356E4B42A930A01000DB64F /* Week6 */,
			);
		};
/* End PBXProject section */

/* Begin PBXResourcesBuildPhase section */
		2356E4B32A930A01000DB64F /* Resources */ = {
			isa = PBXResourcesBuildPhase;
			buildActionMask = 2147483647;
			files = (
				2356E4C52A930A03000DB64F /* LaunchScreen.storyboard in Resources */,
				2356E4C22A930A03000DB64F /* Assets.xcassets in Resources */,
				2356E4C02A930A01000DB64F /* Main.storyboard in Resources */,
			);
			runOnlyForDeploymentPostprocessing = 0;
		};
/* End PBXResourcesBuildPhase section */

/* Begin PBXSourcesBuildPhase section */
		2356E4B12A930A01000DB64F /* Sources */ = {
			isa = PBXSourcesBuildPhase;
			buildActionMask = 2147483647;
			files = (
				2356E4D52A945CBC000DB64F /* TextViewController.swift in Sources */,
				2356E4D32A94467A000DB64F /* SnapViewController.swift in Sources */,
				2356E4BD2A930A01000DB64F /* ViewController.swift in Sources */,
				2356E4DE2A94DB32000DB64F /* SecondExampleViewController.swift in Sources */,
				2356E4DA2A94ADD9000DB64F /* PracticeViewController.swift in Sources */,
				2356E4DC2A94CCB0000DB64F /* FirstExampleViewController.swift in Sources */,
				2356E4D72A94792C000DB64F /* LocationViewController.swift in Sources */,
				2356E4B92A930A01000DB64F /* AppDelegate.swift in Sources */,
				2356E4BB2A930A01000DB64F /* SceneDelegate.swift in Sources */,
			);
			runOnlyForDeploymentPostprocessing = 0;
		};
/* End PBXSourcesBuildPhase section */

/* Begin PBXVariantGroup section */
		2356E4BE2A930A01000DB64F /* Main.storyboard */ = {
			isa = PBXVariantGroup;
			children = (
				2356E4BF2A930A01000DB64F /* Base */,
			);
			name = Main.storyboard;
			sourceTree = "<group>";
		};
		2356E4C32A930A03000DB64F /* LaunchScreen.storyboard */ = {
			isa = PBXVariantGroup;
			children = (
				2356E4C42A930A03000DB64F /* Base */,
			);
			name = LaunchScreen.storyboard;
			sourceTree = "<group>";
		};
/* End PBXVariantGroup section */

/* Begin XCBuildConfiguration section */
		2356E4C72A930A03000DB64F /* Debug */ = {
			isa = XCBuildConfiguration;
			buildSettings = {
				ALWAYS_SEARCH_USER_PATHS = NO;
				CLANG_ANALYZER_NONNULL = YES;
				CLANG_ANALYZER_NUMBER_OBJECT_CONVERSION = YES_AGGRESSIVE;
				CLANG_CXX_LANGUAGE_STANDARD = "gnu++20";
				CLANG_ENABLE_MODULES = YES;
				CLANG_ENABLE_OBJC_ARC = YES;
				CLANG_ENABLE_OBJC_WEAK = YES;
				CLANG_WARN_BLOCK_CAPTURE_AUTORELEASING = YES;
				CLANG_WARN_BOOL_CONVERSION = YES;
				CLANG_WARN_COMMA = YES;
				CLANG_WARN_CONSTANT_CONVERSION = YES;
				CLANG_WARN_DEPRECATED_OBJC_IMPLEMENTATIONS = YES;
				CLANG_WARN_DIRECT_OBJC_ISA_USAGE = YES_ERROR;
				CLANG_WARN_DOCUMENTATION_COMMENTS = YES;
				CLANG_WARN_EMPTY_BODY = YES;
				CLANG_WARN_ENUM_CONVERSION = YES;
				CLANG_WARN_INFINITE_RECURSION = YES;
				CLANG_WARN_INT_CONVERSION = YES;
				CLANG_WARN_NON_LITERAL_NULL_CONVERSION = YES;
				CLANG_WARN_OBJC_IMPLICIT_RETAIN_SELF = YES;
				CLANG_WARN_OBJC_LITERAL_CONVERSION = YES;
				CLANG_WARN_OBJC_ROOT_CLASS = YES_ERROR;
				CLANG_WARN_QUOTED_INCLUDE_IN_FRAMEWORK_HEADER = YES;
				CLANG_WARN_RANGE_LOOP_ANALYSIS = YES;
				CLANG_WARN_STRICT_PROTOTYPES = YES;
				CLANG_WARN_SUSPICIOUS_MOVE = YES;
				CLANG_WARN_UNGUARDED_AVAILABILITY = YES_AGGRESSIVE;
				CLANG_WARN_UNREACHABLE_CODE = YES;
				CLANG_WARN__DUPLICATE_METHOD_MATCH = YES;
				COPY_PHASE_STRIP = NO;
				DEBUG_INFORMATION_FORMAT = dwarf;
				ENABLE_STRICT_OBJC_MSGSEND = YES;
				ENABLE_TESTABILITY = YES;
				GCC_C_LANGUAGE_STANDARD = gnu11;
				GCC_DYNAMIC_NO_PIC = NO;
				GCC_NO_COMMON_BLOCKS = YES;
				GCC_OPTIMIZATION_LEVEL = 0;
				GCC_PREPROCESSOR_DEFINITIONS = (
					"DEBUG=1",
					"$(inherited)",
				);
				GCC_WARN_64_TO_32_BIT_CONVERSION = YES;
				GCC_WARN_ABOUT_RETURN_TYPE = YES_ERROR;
				GCC_WARN_UNDECLARED_SELECTOR = YES;
				GCC_WARN_UNINITIALIZED_AUTOS = YES_AGGRESSIVE;
				GCC_WARN_UNUSED_FUNCTION = YES;
				GCC_WARN_UNUSED_VARIABLE = YES;
				IPHONEOS_DEPLOYMENT_TARGET = 16.4;
				MTL_ENABLE_DEBUG_INFO = INCLUDE_SOURCE;
				MTL_FAST_MATH = YES;
				ONLY_ACTIVE_ARCH = YES;
				SDKROOT = iphoneos;
				SWIFT_ACTIVE_COMPILATION_CONDITIONS = DEBUG;
				SWIFT_OPTIMIZATION_LEVEL = "-Onone";
			};
			name = Debug;
		};
		2356E4C82A930A03000DB64F /* Release */ = {
			isa = XCBuildConfiguration;
			buildSettings = {
				ALWAYS_SEARCH_USER_PATHS = NO;
				CLANG_ANALYZER_NONNULL = YES;
				CLANG_ANALYZER_NUMBER_OBJECT_CONVERSION = YES_AGGRESSIVE;
				CLANG_CXX_LANGUAGE_STANDARD = "gnu++20";
				CLANG_ENABLE_MODULES = YES;
				CLANG_ENABLE_OBJC_ARC = YES;
				CLANG_ENABLE_OBJC_WEAK = YES;
				CLANG_WARN_BLOCK_CAPTURE_AUTORELEASING = YES;
				CLANG_WARN_BOOL_CONVERSION = YES;
				CLANG_WARN_COMMA = YES;
				CLANG_WARN_CONSTANT_CONVERSION = YES;
				CLANG_WARN_DEPRECATED_OBJC_IMPLEMENTATIONS = YES;
				CLANG_WARN_DIRECT_OBJC_ISA_USAGE = YES_ERROR;
				CLANG_WARN_DOCUMENTATION_COMMENTS = YES;
				CLANG_WARN_EMPTY_BODY = YES;
				CLANG_WARN_ENUM_CONVERSION = YES;
				CLANG_WARN_INFINITE_RECURSION = YES;
				CLANG_WARN_INT_CONVERSION = YES;
				CLANG_WARN_NON_LITERAL_NULL_CONVERSION = YES;
				CLANG_WARN_OBJC_IMPLICIT_RETAIN_SELF = YES;
				CLANG_WARN_OBJC_LITERAL_CONVERSION = YES;
				CLANG_WARN_OBJC_ROOT_CLASS = YES_ERROR;
				CLANG_WARN_QUOTED_INCLUDE_IN_FRAMEWORK_HEADER = YES;
				CLANG_WARN_RANGE_LOOP_ANALYSIS = YES;
				CLANG_WARN_STRICT_PROTOTYPES = YES;
				CLANG_WARN_SUSPICIOUS_MOVE = YES;
				CLANG_WARN_UNGUARDED_AVAILABILITY = YES_AGGRESSIVE;
				CLANG_WARN_UNREACHABLE_CODE = YES;
				CLANG_WARN__DUPLICATE_METHOD_MATCH = YES;
				COPY_PHASE_STRIP = NO;
				DEBUG_INFORMATION_FORMAT = "dwarf-with-dsym";
				ENABLE_NS_ASSERTIONS = NO;
				ENABLE_STRICT_OBJC_MSGSEND = YES;
				GCC_C_LANGUAGE_STANDARD = gnu11;
				GCC_NO_COMMON_BLOCKS = YES;
				GCC_WARN_64_TO_32_BIT_CONVERSION = YES;
				GCC_WARN_ABOUT_RETURN_TYPE = YES_ERROR;
				GCC_WARN_UNDECLARED_SELECTOR = YES;
				GCC_WARN_UNINITIALIZED_AUTOS = YES_AGGRESSIVE;
				GCC_WARN_UNUSED_FUNCTION = YES;
				GCC_WARN_UNUSED_VARIABLE = YES;
				IPHONEOS_DEPLOYMENT_TARGET = 16.4;
				MTL_ENABLE_DEBUG_INFO = NO;
				MTL_FAST_MATH = YES;
				SDKROOT = iphoneos;
				SWIFT_COMPILATION_MODE = wholemodule;
				SWIFT_OPTIMIZATION_LEVEL = "-O";
				VALIDATE_PRODUCT = YES;
			};
			name = Release;
		};
		2356E4CA2A930A03000DB64F /* Debug */ = {
			isa = XCBuildConfiguration;
			buildSettings = {
				ASSETCATALOG_COMPILER_APPICON_NAME = AppIcon;
				ASSETCATALOG_COMPILER_GLOBAL_ACCENT_COLOR_NAME = AccentColor;
				CODE_SIGN_STYLE = Automatic;
				CURRENT_PROJECT_VERSION = 1;
				DEVELOPMENT_TEAM = XG2N7C4BNF;
				GENERATE_INFOPLIST_FILE = YES;
				INFOPLIST_FILE = Week6/Info.plist;
				INFOPLIST_KEY_UIApplicationSupportsIndirectInputEvents = YES;
				INFOPLIST_KEY_UILaunchStoryboardName = LaunchScreen;
				INFOPLIST_KEY_UIMainStoryboardFile = Main;
				INFOPLIST_KEY_UISupportedInterfaceOrientations_iPad = "UIInterfaceOrientationPortrait UIInterfaceOrientationPortraitUpsideDown UIInterfaceOrientationLandscapeLeft UIInterfaceOrientationLandscapeRight";
				INFOPLIST_KEY_UISupportedInterfaceOrientations_iPhone = "UIInterfaceOrientationPortrait UIInterfaceOrientationLandscapeLeft UIInterfaceOrientationLandscapeRight";
				LD_RUNPATH_SEARCH_PATHS = (
					"$(inherited)",
					"@executable_path/Frameworks",
				);
				MARKETING_VERSION = 1.0;
				PRODUCT_BUNDLE_IDENTIFIER = doryb.Week6;
				PRODUCT_NAME = "$(TARGET_NAME)";
				SUPPORTED_PLATFORMS = "iphoneos iphonesimulator";
				SUPPORTS_MACCATALYST = NO;
				SUPPORTS_MAC_DESIGNED_FOR_IPHONE_IPAD = NO;
				SWIFT_EMIT_LOC_STRINGS = YES;
				SWIFT_VERSION = 5.0;
				TARGETED_DEVICE_FAMILY = 1;
			};
			name = Debug;
		};
		2356E4CB2A930A03000DB64F /* Release */ = {
			isa = XCBuildConfiguration;
			buildSettings = {
				ASSETCATALOG_COMPILER_APPICON_NAME = AppIcon;
				ASSETCATALOG_COMPILER_GLOBAL_ACCENT_COLOR_NAME = AccentColor;
				CODE_SIGN_STYLE = Automatic;
				CURRENT_PROJECT_VERSION = 1;
				DEVELOPMENT_TEAM = XG2N7C4BNF;
				GENERATE_INFOPLIST_FILE = YES;
				INFOPLIST_FILE = Week6/Info.plist;
				INFOPLIST_KEY_UIApplicationSupportsIndirectInputEvents = YES;
				INFOPLIST_KEY_UILaunchStoryboardName = LaunchScreen;
				INFOPLIST_KEY_UIMainStoryboardFile = Main;
				INFOPLIST_KEY_UISupportedInterfaceOrientations_iPad = "UIInterfaceOrientationPortrait UIInterfaceOrientationPortraitUpsideDown UIInterfaceOrientationLandscapeLeft UIInterfaceOrientationLandscapeRight";
				INFOPLIST_KEY_UISupportedInterfaceOrientations_iPhone = "UIInterfaceOrientationPortrait UIInterfaceOrientationLandscapeLeft UIInterfaceOrientationLandscapeRight";
				LD_RUNPATH_SEARCH_PATHS = (
					"$(inherited)",
					"@executable_path/Frameworks",
				);
				MARKETING_VERSION = 1.0;
				PRODUCT_BUNDLE_IDENTIFIER = doryb.Week6;
				PRODUCT_NAME = "$(TARGET_NAME)";
				SUPPORTED_PLATFORMS = "iphoneos iphonesimulator";
				SUPPORTS_MACCATALYST = NO;
				SUPPORTS_MAC_DESIGNED_FOR_IPHONE_IPAD = NO;
				SWIFT_EMIT_LOC_STRINGS = YES;
				SWIFT_VERSION = 5.0;
				TARGETED_DEVICE_FAMILY = 1;
			};
			name = Release;
		};
/* End XCBuildConfiguration section */

/* Begin XCConfigurationList section */
		2356E4B02A930A01000DB64F /* Build configuration list for PBXProject "Week6" */ = {
			isa = XCConfigurationList;
			buildConfigurations = (
				2356E4C72A930A03000DB64F /* Debug */,
				2356E4C82A930A03000DB64F /* Release */,
			);
			defaultConfigurationIsVisible = 0;
			defaultConfigurationName = Release;
		};
		2356E4C92A930A03000DB64F /* Build configuration list for PBXNativeTarget "Week6" */ = {
			isa = XCConfigurationList;
			buildConfigurations = (
				2356E4CA2A930A03000DB64F /* Debug */,
				2356E4CB2A930A03000DB64F /* Release */,
			);
			defaultConfigurationIsVisible = 0;
			defaultConfigurationName = Release;
		};
/* End XCConfigurationList section */

/* Begin XCRemoteSwiftPackageReference section */
		2356E4CE2A94461C000DB64F /* XCRemoteSwiftPackageReference "SnapKit" */ = {
			isa = XCRemoteSwiftPackageReference;
			repositoryURL = "https://github.com/SnapKit/SnapKit.git";
			requirement = {
				kind = upToNextMajorVersion;
				minimumVersion = 5.0.0;
			};
		};
/* End XCRemoteSwiftPackageReference section */

/* Begin XCSwiftPackageProductDependency section */
		2356E4CF2A94461D000DB64F /* SnapKit */ = {
			isa = XCSwiftPackageProductDependency;
			package = 2356E4CE2A94461C000DB64F /* XCRemoteSwiftPackageReference "SnapKit" */;
			productName = SnapKit;
		};
/* End XCSwiftPackageProductDependency section */
	};
	rootObject = 2356E4AD2A930A01000DB64F /* Project object */;
}
